
Microsoft Visual Studio Solution File, Format Version 12.00
# Visual Studio Version 17
VisualStudioVersion = 17.11.35327.3
MinimumVisualStudioVersion = 10.0.40219.1
Project("{FAE04EC0-301F-11D3-BF4B-00C04F79EFBC}") = "ML.Net", "ML.Net.csproj", "{F0C6C1F8-39F5-44AF-978B-4FEF74DD65DE}"
EndProject
Global
	GlobalSection(SolutionConfigurationPlatforms) = preSolution
		Debug|Any CPU = Debug|Any CPU
		Release|Any CPU = Release|Any CPU
	EndGlobalSection
	GlobalSection(ProjectConfigurationPlatforms) = postSolution
		{F0C6C1F8-39F5-44AF-978B-4FEF74DD65DE}.Debug|Any CPU.ActiveCfg = Debug|Any CPU
		{F0C6C1F8-39F5-44AF-978B-4FEF74DD65DE}.Debug|Any CPU.Build.0 = Debug|Any CPU
		{F0C6C1F8-39F5-44AF-978B-4FEF74DD65DE}.Release|Any CPU.ActiveCfg = Release|Any CPU
		{F0C6C1F8-39F5-44AF-978B-4FEF74DD65DE}.Release|Any CPU.Build.0 = Release|Any CPU
	EndGlobalSection
	GlobalSection(SolutionProperties) = preSolution
		HideSolutionNode = FALSE
	EndGlobalSection
	GlobalSection(ExtensibilityGlobals) = postSolution
		SolutionGuid = {EF691A3A-8015-40B7-976B-C5668328AA23}
	EndGlobalSection
EndGlobal
